
Microsoft Visual Studio Solution File, Format Version 12.00
# Visual Studio Version 17
VisualStudioVersion = 17.4.33205.214
MinimumVisualStudioVersion = 10.0.40219.1
Project("{FAE04EC0-301F-11D3-BF4B-00C04F79EFBC}") = "launcher", "launcher\launcher.csproj", "{0D4354EF-FFDC-4F13-B67E-75ED8A4061AD}"
EndProject
Global
	GlobalSection(SolutionConfigurationPlatforms) = preSolution
		Debug|Any CPU = Debug|Any CPU
		Release|Any CPU = Release|Any CPU
	EndGlobalSection
	GlobalSection(ProjectConfigurationPlatforms) = postSolution
		{0D4354EF-FFDC-4F13-B67E-75ED8A4061AD}.Debug|Any CPU.ActiveCfg = Debug|Any CPU
		{0D4354EF-FFDC-4F13-B67E-75ED8A4061AD}.Debug|Any CPU.Build.0 = Debug|Any CPU
		{0D4354EF-FFDC-4F13-B67E-75ED8A4061AD}.Release|Any CPU.ActiveCfg = Release|Any CPU
		{0D4354EF-FFDC-4F13-B67E-75ED8A4061AD}.Release|Any CPU.Build.0 = Release|Any CPU
	EndGlobalSection
	GlobalSection(SolutionProperties) = preSolution
		HideSolutionNode = FALSE
	EndGlobalSection
	GlobalSection(ExtensibilityGlobals) = postSolution
		SolutionGuid = {62A3A91D-C253-4F37-99E0-3FC6ECE53D02}
	EndGlobalSection
EndGlobal
